
Microsoft Visual Studio Solution File, Format Version 12.00
# Visual Studio Version 16
VisualStudioVersion = 16.0.30204.135
MinimumVisualStudioVersion = 10.0.40219.1
Project("{FAE04EC0-301F-11D3-BF4B-00C04F79EFBC}") = "BubbleSortIP3", "BubbleSortIP3.csproj", "{D7B93C86-F292-4FFE-9CCD-AE23212516D8}"
EndProject
Global
	GlobalSection(SolutionConfigurationPlatforms) = preSolution
		Debug|Any CPU = Debug|Any CPU
		Release|Any CPU = Release|Any CPU
	EndGlobalSection
	GlobalSection(ProjectConfigurationPlatforms) = postSolution
		{D7B93C86-F292-4FFE-9CCD-AE23212516D8}.Debug|Any CPU.ActiveCfg = Debug|Any CPU
		{D7B93C86-F292-4FFE-9CCD-AE23212516D8}.Debug|Any CPU.Build.0 = Debug|Any CPU
		{D7B93C86-F292-4FFE-9CCD-AE23212516D8}.Release|Any CPU.ActiveCfg = Release|Any CPU
		{D7B93C86-F292-4FFE-9CCD-AE23212516D8}.Release|Any CPU.Build.0 = Release|Any CPU
	EndGlobalSection
	GlobalSection(SolutionProperties) = preSolution
		HideSolutionNode = FALSE
	EndGlobalSection
	GlobalSection(ExtensibilityGlobals) = postSolution
		SolutionGuid = {676C7B70-472F-4546-B2EB-67C9273C911B}
	EndGlobalSection
EndGlobal
