
Microsoft Visual Studio Solution File, Format Version 12.00
# Visual Studio Version 16
VisualStudioVersion = 16.0.30204.135
MinimumVisualStudioVersion = 10.0.40219.1
Project("{FAE04EC0-301F-11D3-BF4B-00C04F79EFBC}") = "MenuIP3", "MvcAppMenu\MenuIP3.csproj", "{BC17FFC9-899A-4482-861C-D7D13B908E60}"
EndProject
Global
	GlobalSection(SolutionConfigurationPlatforms) = preSolution
		Debug|Any CPU = Debug|Any CPU
		Release|Any CPU = Release|Any CPU
	EndGlobalSection
	GlobalSection(ProjectConfigurationPlatforms) = postSolution
		{BC17FFC9-899A-4482-861C-D7D13B908E60}.Debug|Any CPU.ActiveCfg = Debug|Any CPU
		{BC17FFC9-899A-4482-861C-D7D13B908E60}.Debug|Any CPU.Build.0 = Debug|Any CPU
		{BC17FFC9-899A-4482-861C-D7D13B908E60}.Release|Any CPU.ActiveCfg = Release|Any CPU
		{BC17FFC9-899A-4482-861C-D7D13B908E60}.Release|Any CPU.Build.0 = Release|Any CPU
	EndGlobalSection
	GlobalSection(SolutionProperties) = preSolution
		HideSolutionNode = FALSE
	EndGlobalSection
	GlobalSection(ExtensibilityGlobals) = postSolution
		SolutionGuid = {1A23B158-E142-4ED5-8941-0E2133BE6B36}
	EndGlobalSection
EndGlobal
